{
  "version": 4,
  "terraform_version": "1.4.5",
  "serial": 380,
  "lineage": "90a51bd0-7355-d2b4-f7cf-281517c77599",
  "outputs": {
    "cloudfront_distribution_id": {
      "value": "E1FSN30FQF1HJZ",
      "type": "string"
    },
    "cloudfront_domain_name": {
      "value": "dnx73a3j5f0xr.cloudfront.net",
      "type": "string"
    }
  },
  "resources": [
    {
      "mode": "data",
      "type": "aws_caller_identity",
      "name": "current",
      "provider": "provider[\"registry.terraform.io/hashicorp/aws\"]",
      "instances": [
        {
          "schema_version": 0,
          "attributes": {
            "account_id": "593653836732",
            "arn": "arn:aws:iam::593653836732:user/me",
            "id": "593653836732",
            "user_id": "AIDAYUOEGVO6N4PHPFQLL"
          },
          "sensitive_attributes": []
        }
      ]
    },
    {
      "mode": "managed",
      "type": "aws_cloudfront_distribution",
      "name": "distribution",
      "provider": "provider[\"registry.terraform.io/hashicorp/aws\"]",
      "instances": [
        {
          "schema_version": 1,
          "attributes": {
            "aliases": [],
            "arn": "arn:aws:cloudfront::593653836732:distribution/E1FSN30FQF1HJZ",
            "caller_reference": "terraform-20230424062901547100000001",
            "comment": "",
            "custom_error_response": [],
            "default_cache_behavior": [
              {
                "allowed_methods": [
                  "DELETE",
                  "GET",
                  "HEAD",
                  "OPTIONS",
                  "PATCH",
                  "POST",
                  "PUT"
                ],
                "cache_policy_id": "",
                "cached_methods": [
                  "GET",
                  "HEAD"
                ],
                "compress": false,
                "default_ttl": 3600,
                "field_level_encryption_id": "",
                "forwarded_values": [
                  {
                    "cookies": [
                      {
                        "forward": "none",
                        "whitelisted_names": []
                      }
                    ],
                    "headers": [],
                    "query_string": false,
                    "query_string_cache_keys": []
                  }
                ],
                "function_association": [],
                "lambda_function_association": [],
                "max_ttl": 86400,
                "min_ttl": 0,
                "origin_request_policy_id": "",
                "realtime_log_config_arn": "",
                "response_headers_policy_id": "",
                "smooth_streaming": false,
                "target_origin_id": "todo-app-593653836732",
                "trusted_key_groups": [],
                "trusted_signers": [],
                "viewer_protocol_policy": "redirect-to-https"
              }
            ],
            "default_root_object": "index.html",
            "domain_name": "dnx73a3j5f0xr.cloudfront.net",
            "enabled": true,
            "etag": "E2SVGHB2UFXOQI",
            "hosted_zone_id": "Z2FDTNDATAQYW2",
            "http_version": "http2",
            "id": "E1FSN30FQF1HJZ",
            "in_progress_validation_batches": 0,
            "is_ipv6_enabled": true,
            "last_modified_time": "2023-04-24 09:19:01.858 +0000 UTC",
            "logging_config": [],
            "ordered_cache_behavior": [],
            "origin": [
              {
                "connection_attempts": 3,
                "connection_timeout": 10,
                "custom_header": [],
                "custom_origin_config": [],
                "domain_name": "todo-app-593653836732.s3-website-ap-northeast-1.amazonaws.com",
                "origin_access_control_id": "",
                "origin_id": "todo-app-593653836732",
                "origin_path": "",
                "origin_shield": [],
                "s3_origin_config": [
                  {
                    "origin_access_identity": "origin-access-identity/cloudfront/E1907DHT8RVALN"
                  }
                ]
              }
            ],
            "origin_group": [],
            "price_class": "PriceClass_All",
            "restrictions": [
              {
                "geo_restriction": [
                  {
                    "locations": [],
                    "restriction_type": "none"
                  }
                ]
              }
            ],
            "retain_on_delete": false,
            "status": "InProgress",
            "tags": {},
            "tags_all": {},
            "trusted_key_groups": [
              {
                "enabled": false,
                "items": []
              }
            ],
            "trusted_signers": [
              {
                "enabled": false,
                "items": []
              }
            ],
            "viewer_certificate": [
              {
                "acm_certificate_arn": "",
                "cloudfront_default_certificate": true,
                "iam_certificate_id": "",
                "minimum_protocol_version": "TLSv1",
                "ssl_support_method": ""
              }
            ],
            "wait_for_deployment": true,
            "web_acl_id": ""
          },
          "sensitive_attributes": [],
          "private": "eyJzY2hlbWFfdmVyc2lvbiI6IjEifQ==",
          "dependencies": [
            "aws_cloudfront_origin_access_identity.origin_access_identity",
            "aws_s3_bucket.spa",
            "aws_s3_bucket_website_configuration.spa"
          ]
        }
      ]
    },
    {
      "mode": "managed",
      "type": "aws_cloudfront_origin_access_identity",
      "name": "origin_access_identity",
      "provider": "provider[\"registry.terraform.io/hashicorp/aws\"]",
      "instances": [
        {
          "schema_version": 0,
          "attributes": {
            "caller_reference": "terraform-20230424062657655900000001",
            "cloudfront_access_identity_path": "origin-access-identity/cloudfront/E1907DHT8RVALN",
            "comment": "",
            "etag": "E325JVSMQYC7V8",
            "iam_arn": "arn:aws:iam::cloudfront:user/CloudFront Origin Access Identity E1907DHT8RVALN",
            "id": "E1907DHT8RVALN",
            "s3_canonical_user_id": "6caa1e8fbb0251345dd31047dc044672c7f4881e1143f1ae25fd8d0320d244735f922120a81fc3ef1e425fa14c3b9d79"
          },
          "sensitive_attributes": [],
          "private": "bnVsbA=="
        }
      ]
    },
    {
      "mode": "managed",
      "type": "aws_s3_bucket",
      "name": "spa",
      "provider": "provider[\"registry.terraform.io/hashicorp/aws\"]",
      "instances": [
        {
          "schema_version": 0,
          "attributes": {
            "acceleration_status": "",
            "acl": null,
            "arn": "arn:aws:s3:::todo-app-593653836732",
            "bucket": "todo-app-593653836732",
            "bucket_domain_name": "todo-app-593653836732.s3.amazonaws.com",
            "bucket_prefix": "",
            "bucket_regional_domain_name": "todo-app-593653836732.s3.ap-northeast-1.amazonaws.com",
            "cors_rule": [],
            "force_destroy": false,
            "grant": [
              {
                "id": "",
                "permissions": [
                  "READ",
                  "READ_ACP"
                ],
                "type": "Group",
                "uri": "http://acs.amazonaws.com/groups/global/AllUsers"
              },
              {
                "id": "196307827e4497111e8d70ef34a9bd4f99d111eaf456427cce89078a87504e7d",
                "permissions": [
                  "FULL_CONTROL"
                ],
                "type": "CanonicalUser",
                "uri": ""
              }
            ],
            "hosted_zone_id": "Z2M4EHUR26P7ZW",
            "id": "todo-app-593653836732",
            "lifecycle_rule": [],
            "logging": [],
            "object_lock_configuration": [],
            "object_lock_enabled": false,
            "policy": "{\"Statement\":[{\"Action\":\"s3:*\",\"Effect\":\"Allow\",\"Principal\":\"*\",\"Resource\":\"arn:aws:s3:::todo-app-593653836732/*\",\"Sid\":\"PublicReadGetObject\"}],\"Version\":\"2012-10-17\"}",
            "region": "ap-northeast-1",
            "replication_configuration": [],
            "request_payer": "BucketOwner",
            "server_side_encryption_configuration": [
              {
                "rule": [
                  {
                    "apply_server_side_encryption_by_default": [
                      {
                        "kms_master_key_id": "",
                        "sse_algorithm": "AES256"
                      }
                    ],
                    "bucket_key_enabled": false
                  }
                ]
              }
            ],
            "tags": {
              "Name": "Todo App"
            },
            "tags_all": {
              "Name": "Todo App"
            },
            "timeouts": null,
            "versioning": [
              {
                "enabled": false,
                "mfa_delete": false
              }
            ],
            "website": [
              {
                "error_document": "",
                "index_document": "index.html",
                "redirect_all_requests_to": "",
                "routing_rules": ""
              }
            ],
            "website_domain": "s3-website-ap-northeast-1.amazonaws.com",
            "website_endpoint": "todo-app-593653836732.s3-website-ap-northeast-1.amazonaws.com"
          },
          "sensitive_attributes": [],
          "private": "eyJlMmJmYjczMC1lY2FhLTExZTYtOGY4OC0zNDM2M2JjN2M0YzAiOnsiY3JlYXRlIjoxMjAwMDAwMDAwMDAwLCJkZWxldGUiOjM2MDAwMDAwMDAwMDAsInJlYWQiOjEyMDAwMDAwMDAwMDAsInVwZGF0ZSI6MTIwMDAwMDAwMDAwMH19",
          "dependencies": [
            "data.aws_caller_identity.current"
          ]
        }
      ]
    },
    {
      "mode": "managed",
      "type": "aws_s3_bucket_policy",
      "name": "spa",
      "provider": "provider[\"registry.terraform.io/hashicorp/aws\"]",
      "instances": [
        {
          "schema_version": 0,
          "attributes": {
            "bucket": "todo-app-593653836732",
            "id": "todo-app-593653836732",
            "policy": "{\"Statement\":[{\"Action\":\"s3:*\",\"Effect\":\"Allow\",\"Principal\":\"*\",\"Resource\":\"arn:aws:s3:::todo-app-593653836732/*\",\"Sid\":\"PublicReadGetObject\"}],\"Version\":\"2012-10-17\"}"
          },
          "sensitive_attributes": [],
          "private": "bnVsbA==",
          "dependencies": [
            "aws_s3_bucket.spa",
            "data.aws_caller_identity.current"
          ]
        }
      ]
    },
    {
      "mode": "managed",
      "type": "aws_s3_bucket_website_configuration",
      "name": "spa",
      "provider": "provider[\"registry.terraform.io/hashicorp/aws\"]",
      "instances": [
        {
          "schema_version": 0,
          "attributes": {
            "bucket": "todo-app-593653836732",
            "error_document": [],
            "expected_bucket_owner": "",
            "id": "todo-app-593653836732",
            "index_document": [
              {
                "suffix": "index.html"
              }
            ],
            "redirect_all_requests_to": [],
            "routing_rule": [],
            "routing_rules": "",
            "website_domain": "s3-website-ap-northeast-1.amazonaws.com",
            "website_endpoint": "todo-app-593653836732.s3-website-ap-northeast-1.amazonaws.com"
          },
          "sensitive_attributes": [],
          "private": "bnVsbA==",
          "dependencies": [
            "aws_s3_bucket.spa",
            "data.aws_caller_identity.current"
          ]
        }
      ]
    },
    {
      "mode": "managed",
      "type": "aws_s3_object",
      "name": "spa",
      "provider": "provider[\"registry.terraform.io/hashicorp/aws\"]",
      "instances": [
        {
          "index_key": "404.html",
          "schema_version": 0,
          "attributes": {
            "acl": "private",
            "bucket": "todo-app-593653836732",
            "bucket_key_enabled": false,
            "cache_control": "",
            "content": null,
            "content_base64": null,
            "content_disposition": "",
            "content_encoding": "",
            "content_language": "",
            "content_type": "binary/octet-stream",
            "etag": "08dcae76bec39c2cf5c0ecb5d2cbee9a",
            "force_destroy": false,
            "id": "404.html",
            "key": "404.html",
            "kms_key_id": null,
            "metadata": {},
            "object_lock_legal_hold_status": "",
            "object_lock_mode": "",
            "object_lock_retain_until_date": "",
            "server_side_encryption": "AES256",
            "source": "./out/404.html",
            "source_hash": null,
            "storage_class": "STANDARD",
            "tags": {},
            "tags_all": {},
            "version_id": "",
            "website_redirect": ""
          },
          "sensitive_attributes": [],
          "private": "bnVsbA==",
          "dependencies": [
            "aws_s3_bucket.spa",
            "data.aws_caller_identity.current"
          ]
        },
        {
          "index_key": "404/index.html",
          "schema_version": 0,
          "attributes": {
            "acl": "private",
            "bucket": "todo-app-593653836732",
            "bucket_key_enabled": false,
            "cache_control": "",
            "content": null,
            "content_base64": null,
            "content_disposition": "",
            "content_encoding": "",
            "content_language": "",
            "content_type": "binary/octet-stream",
            "etag": "08dcae76bec39c2cf5c0ecb5d2cbee9a",
            "force_destroy": false,
            "id": "404/index.html",
            "key": "404/index.html",
            "kms_key_id": null,
            "metadata": {},
            "object_lock_legal_hold_status": "",
            "object_lock_mode": "",
            "object_lock_retain_until_date": "",
            "server_side_encryption": "AES256",
            "source": "./out/404/index.html",
            "source_hash": null,
            "storage_class": "STANDARD",
            "tags": {},
            "tags_all": {},
            "version_id": "",
            "website_redirect": ""
          },
          "sensitive_attributes": [],
          "private": "bnVsbA==",
          "dependencies": [
            "aws_s3_bucket.spa",
            "data.aws_caller_identity.current"
          ]
        },
        {
          "index_key": "_next/static/chunks/332-8ee21c5cc1b8c7c6.js",
          "schema_version": 0,
          "attributes": {
            "acl": "private",
            "bucket": "todo-app-593653836732",
            "bucket_key_enabled": false,
            "cache_control": "",
            "content": null,
            "content_base64": null,
            "content_disposition": "",
            "content_encoding": "",
            "content_language": "",
            "content_type": "binary/octet-stream",
            "etag": "e14e92810d41d12107d5937d771f0017",
            "force_destroy": false,
            "id": "_next/static/chunks/332-8ee21c5cc1b8c7c6.js",
            "key": "_next/static/chunks/332-8ee21c5cc1b8c7c6.js",
            "kms_key_id": null,
            "metadata": {},
            "object_lock_legal_hold_status": "",
            "object_lock_mode": "",
            "object_lock_retain_until_date": "",
            "server_side_encryption": "AES256",
            "source": "./out/_next/static/chunks/332-8ee21c5cc1b8c7c6.js",
            "source_hash": null,
            "storage_class": "STANDARD",
            "tags": {},
            "tags_all": {},
            "version_id": "",
            "website_redirect": ""
          },
          "sensitive_attributes": [],
          "private": "bnVsbA==",
          "dependencies": [
            "aws_s3_bucket.spa",
            "data.aws_caller_identity.current"
          ]
        },
        {
          "index_key": "_next/static/chunks/framework-2c79e2a64abdb08b.js",
          "schema_version": 0,
          "attributes": {
            "acl": "private",
            "bucket": "todo-app-593653836732",
            "bucket_key_enabled": false,
            "cache_control": "",
            "content": null,
            "content_base64": null,
            "content_disposition": "",
            "content_encoding": "",
            "content_language": "",
            "content_type": "binary/octet-stream",
            "etag": "7fc4bed6b4319c62343f0bf5db91a5bb",
            "force_destroy": false,
            "id": "_next/static/chunks/framework-2c79e2a64abdb08b.js",
            "key": "_next/static/chunks/framework-2c79e2a64abdb08b.js",
            "kms_key_id": null,
            "metadata": {},
            "object_lock_legal_hold_status": "",
            "object_lock_mode": "",
            "object_lock_retain_until_date": "",
            "server_side_encryption": "AES256",
            "source": "./out/_next/static/chunks/framework-2c79e2a64abdb08b.js",
            "source_hash": null,
            "storage_class": "STANDARD",
            "tags": {},
            "tags_all": {},
            "version_id": "",
            "website_redirect": ""
          },
          "sensitive_attributes": [],
          "private": "bnVsbA==",
          "dependencies": [
            "aws_s3_bucket.spa",
            "data.aws_caller_identity.current"
          ]
        },
        {
          "index_key": "_next/static/chunks/main-02471081bc37d616.js",
          "schema_version": 0,
          "attributes": {
            "acl": "private",
            "bucket": "todo-app-593653836732",
            "bucket_key_enabled": false,
            "cache_control": "",
            "content": null,
            "content_base64": null,
            "content_disposition": "",
            "content_encoding": "",
            "content_language": "",
            "content_type": "binary/octet-stream",
            "etag": "a00baaedfb4ed1718f39aab89aae5350",
            "force_destroy": false,
            "id": "_next/static/chunks/main-02471081bc37d616.js",
            "key": "_next/static/chunks/main-02471081bc37d616.js",
            "kms_key_id": null,
            "metadata": {},
            "object_lock_legal_hold_status": "",
            "object_lock_mode": "",
            "object_lock_retain_until_date": "",
            "server_side_encryption": "AES256",
            "source": "./out/_next/static/chunks/main-02471081bc37d616.js",
            "source_hash": null,
            "storage_class": "STANDARD",
            "tags": {},
            "tags_all": {},
            "version_id": "",
            "website_redirect": ""
          },
          "sensitive_attributes": [],
          "private": "bnVsbA==",
          "dependencies": [
            "aws_s3_bucket.spa",
            "data.aws_caller_identity.current"
          ]
        },
        {
          "index_key": "_next/static/chunks/pages/_app-6b25f68b652e730f.js",
          "schema_version": 0,
          "attributes": {
            "acl": "private",
            "bucket": "todo-app-593653836732",
            "bucket_key_enabled": false,
            "cache_control": "",
            "content": null,
            "content_base64": null,
            "content_disposition": "",
            "content_encoding": "",
            "content_language": "",
            "content_type": "binary/octet-stream",
            "etag": "4611359a91047ba40144cfa0f3fa4802",
            "force_destroy": false,
            "id": "_next/static/chunks/pages/_app-6b25f68b652e730f.js",
            "key": "_next/static/chunks/pages/_app-6b25f68b652e730f.js",
            "kms_key_id": null,
            "metadata": {},
            "object_lock_legal_hold_status": "",
            "object_lock_mode": "",
            "object_lock_retain_until_date": "",
            "server_side_encryption": "AES256",
            "source": "./out/_next/static/chunks/pages/_app-6b25f68b652e730f.js",
            "source_hash": null,
            "storage_class": "STANDARD",
            "tags": {},
            "tags_all": {},
            "version_id": "",
            "website_redirect": ""
          },
          "sensitive_attributes": [],
          "private": "bnVsbA==",
          "dependencies": [
            "aws_s3_bucket.spa",
            "data.aws_caller_identity.current"
          ]
        },
        {
          "index_key": "_next/static/chunks/pages/_error-54de1933a164a1ff.js",
          "schema_version": 0,
          "attributes": {
            "acl": "private",
            "bucket": "todo-app-593653836732",
            "bucket_key_enabled": false,
            "cache_control": "",
            "content": null,
            "content_base64": null,
            "content_disposition": "",
            "content_encoding": "",
            "content_language": "",
            "content_type": "binary/octet-stream",
            "etag": "811197dd3797daba9cd444624f572b6a",
            "force_destroy": false,
            "id": "_next/static/chunks/pages/_error-54de1933a164a1ff.js",
            "key": "_next/static/chunks/pages/_error-54de1933a164a1ff.js",
            "kms_key_id": null,
            "metadata": {},
            "object_lock_legal_hold_status": "",
            "object_lock_mode": "",
            "object_lock_retain_until_date": "",
            "server_side_encryption": "AES256",
            "source": "./out/_next/static/chunks/pages/_error-54de1933a164a1ff.js",
            "source_hash": null,
            "storage_class": "STANDARD",
            "tags": {},
            "tags_all": {},
            "version_id": "",
            "website_redirect": ""
          },
          "sensitive_attributes": [],
          "private": "bnVsbA==",
          "dependencies": [
            "aws_s3_bucket.spa",
            "data.aws_caller_identity.current"
          ]
        },
        {
          "index_key": "_next/static/chunks/pages/about-b737761868b7fe6d.js",
          "schema_version": 0,
          "attributes": {
            "acl": "private",
            "bucket": "todo-app-593653836732",
            "bucket_key_enabled": false,
            "cache_control": "",
            "content": null,
            "content_base64": null,
            "content_disposition": "",
            "content_encoding": "",
            "content_language": "",
            "content_type": "binary/octet-stream",
            "etag": "1648e34313098e48ad57dcfd2032f1d2",
            "force_destroy": false,
            "id": "_next/static/chunks/pages/about-b737761868b7fe6d.js",
            "key": "_next/static/chunks/pages/about-b737761868b7fe6d.js",
            "kms_key_id": null,
            "metadata": {},
            "object_lock_legal_hold_status": "",
            "object_lock_mode": "",
            "object_lock_retain_until_date": "",
            "server_side_encryption": "AES256",
            "source": "./out/_next/static/chunks/pages/about-b737761868b7fe6d.js",
            "source_hash": null,
            "storage_class": "STANDARD",
            "tags": {},
            "tags_all": {},
            "version_id": "",
            "website_redirect": ""
          },
          "sensitive_attributes": [],
          "private": "bnVsbA==",
          "dependencies": [
            "aws_s3_bucket.spa",
            "data.aws_caller_identity.current"
          ]
        },
        {
          "index_key": "_next/static/chunks/pages/index-315fbdda5f59e846.js",
          "schema_version": 0,
          "attributes": {
            "acl": "private",
            "bucket": "todo-app-593653836732",
            "bucket_key_enabled": false,
            "cache_control": "",
            "content": null,
            "content_base64": null,
            "content_disposition": "",
            "content_encoding": "",
            "content_language": "",
            "content_type": "binary/octet-stream",
            "etag": "52ce40d9ee73c05aa061a085e8127cd3",
            "force_destroy": false,
            "id": "_next/static/chunks/pages/index-315fbdda5f59e846.js",
            "key": "_next/static/chunks/pages/index-315fbdda5f59e846.js",
            "kms_key_id": null,
            "metadata": {},
            "object_lock_legal_hold_status": "",
            "object_lock_mode": "",
            "object_lock_retain_until_date": "",
            "server_side_encryption": "AES256",
            "source": "./out/_next/static/chunks/pages/index-315fbdda5f59e846.js",
            "source_hash": null,
            "storage_class": "STANDARD",
            "tags": {},
            "tags_all": {},
            "version_id": "",
            "website_redirect": ""
          },
          "sensitive_attributes": [],
          "private": "bnVsbA==",
          "dependencies": [
            "aws_s3_bucket.spa",
            "data.aws_caller_identity.current"
          ]
        },
        {
          "index_key": "_next/static/chunks/pages/layout-bbd63f20b500f2b6.js",
          "schema_version": 0,
          "attributes": {
            "acl": "private",
            "bucket": "todo-app-593653836732",
            "bucket_key_enabled": false,
            "cache_control": "",
            "content": null,
            "content_base64": null,
            "content_disposition": "",
            "content_encoding": "",
            "content_language": "",
            "content_type": "binary/octet-stream",
            "etag": "592996d842c0bea67b511d33e726ff1e",
            "force_destroy": false,
            "id": "_next/static/chunks/pages/layout-bbd63f20b500f2b6.js",
            "key": "_next/static/chunks/pages/layout-bbd63f20b500f2b6.js",
            "kms_key_id": null,
            "metadata": {},
            "object_lock_legal_hold_status": "",
            "object_lock_mode": "",
            "object_lock_retain_until_date": "",
            "server_side_encryption": "AES256",
            "source": "./out/_next/static/chunks/pages/layout-bbd63f20b500f2b6.js",
            "source_hash": null,
            "storage_class": "STANDARD",
            "tags": {},
            "tags_all": {},
            "version_id": "",
            "website_redirect": ""
          },
          "sensitive_attributes": [],
          "private": "bnVsbA==",
          "dependencies": [
            "aws_s3_bucket.spa",
            "data.aws_caller_identity.current"
          ]
        },
        {
          "index_key": "_next/static/chunks/pages/todo-a2e95420dd107f4b.js",
          "schema_version": 0,
          "attributes": {
            "acl": "private",
            "bucket": "todo-app-593653836732",
            "bucket_key_enabled": false,
            "cache_control": "",
            "content": null,
            "content_base64": null,
            "content_disposition": "",
            "content_encoding": "",
            "content_language": "",
            "content_type": "binary/octet-stream",
            "etag": "bff0a34c649a63ca4ea9c262c2c0c9f1",
            "force_destroy": false,
            "id": "_next/static/chunks/pages/todo-a2e95420dd107f4b.js",
            "key": "_next/static/chunks/pages/todo-a2e95420dd107f4b.js",
            "kms_key_id": null,
            "metadata": {},
            "object_lock_legal_hold_status": "",
            "object_lock_mode": "",
            "object_lock_retain_until_date": "",
            "server_side_encryption": "AES256",
            "source": "./out/_next/static/chunks/pages/todo-a2e95420dd107f4b.js",
            "source_hash": null,
            "storage_class": "STANDARD",
            "tags": {},
            "tags_all": {},
            "version_id": "",
            "website_redirect": ""
          },
          "sensitive_attributes": [],
          "private": "bnVsbA==",
          "dependencies": [
            "aws_s3_bucket.spa",
            "data.aws_caller_identity.current"
          ]
        },
        {
          "index_key": "_next/static/chunks/polyfills-c67a75d1b6f99dc8.js",
          "schema_version": 0,
          "attributes": {
            "acl": "private",
            "bucket": "todo-app-593653836732",
            "bucket_key_enabled": false,
            "cache_control": "",
            "content": null,
            "content_base64": null,
            "content_disposition": "",
            "content_encoding": "",
            "content_language": "",
            "content_type": "binary/octet-stream",
            "etag": "837c0df77fd5009c9e46d446188ecfd0",
            "force_destroy": false,
            "id": "_next/static/chunks/polyfills-c67a75d1b6f99dc8.js",
            "key": "_next/static/chunks/polyfills-c67a75d1b6f99dc8.js",
            "kms_key_id": null,
            "metadata": {},
            "object_lock_legal_hold_status": "",
            "object_lock_mode": "",
            "object_lock_retain_until_date": "",
            "server_side_encryption": "AES256",
            "source": "./out/_next/static/chunks/polyfills-c67a75d1b6f99dc8.js",
            "source_hash": null,
            "storage_class": "STANDARD",
            "tags": {},
            "tags_all": {},
            "version_id": "",
            "website_redirect": ""
          },
          "sensitive_attributes": [],
          "private": "bnVsbA==",
          "dependencies": [
            "aws_s3_bucket.spa",
            "data.aws_caller_identity.current"
          ]
        },
        {
          "index_key": "_next/static/chunks/webpack-d38be8d96a62f950.js",
          "schema_version": 0,
          "attributes": {
            "acl": "private",
            "bucket": "todo-app-593653836732",
            "bucket_key_enabled": false,
            "cache_control": "",
            "content": null,
            "content_base64": null,
            "content_disposition": "",
            "content_encoding": "",
            "content_language": "",
            "content_type": "binary/octet-stream",
            "etag": "59e01016eb73deca906e65c89eeec949",
            "force_destroy": false,
            "id": "_next/static/chunks/webpack-d38be8d96a62f950.js",
            "key": "_next/static/chunks/webpack-d38be8d96a62f950.js",
            "kms_key_id": null,
            "metadata": {},
            "object_lock_legal_hold_status": "",
            "object_lock_mode": "",
            "object_lock_retain_until_date": "",
            "server_side_encryption": "AES256",
            "source": "./out/_next/static/chunks/webpack-d38be8d96a62f950.js",
            "source_hash": null,
            "storage_class": "STANDARD",
            "tags": {},
            "tags_all": {},
            "version_id": "",
            "website_redirect": ""
          },
          "sensitive_attributes": [],
          "private": "bnVsbA==",
          "dependencies": [
            "aws_s3_bucket.spa",
            "data.aws_caller_identity.current"
          ]
        },
        {
          "index_key": "_next/static/css/6a26846526b2b5d9.css",
          "schema_version": 0,
          "attributes": {
            "acl": "private",
            "bucket": "todo-app-593653836732",
            "bucket_key_enabled": false,
            "cache_control": "",
            "content": null,
            "content_base64": null,
            "content_disposition": "",
            "content_encoding": "",
            "content_language": "",
            "content_type": "binary/octet-stream",
            "etag": "0c5dad92482d9a7c7c253510f5082465",
            "force_destroy": false,
            "id": "_next/static/css/6a26846526b2b5d9.css",
            "key": "_next/static/css/6a26846526b2b5d9.css",
            "kms_key_id": null,
            "metadata": {},
            "object_lock_legal_hold_status": "",
            "object_lock_mode": "",
            "object_lock_retain_until_date": "",
            "server_side_encryption": "AES256",
            "source": "./out/_next/static/css/6a26846526b2b5d9.css",
            "source_hash": null,
            "storage_class": "STANDARD",
            "tags": {},
            "tags_all": {},
            "version_id": "",
            "website_redirect": ""
          },
          "sensitive_attributes": [],
          "private": "bnVsbA==",
          "dependencies": [
            "aws_s3_bucket.spa",
            "data.aws_caller_identity.current"
          ]
        },
        {
          "index_key": "_next/static/eVu_7ROicE_grFoWJUCL2/_buildManifest.js",
          "schema_version": 0,
          "attributes": {
            "acl": "private",
            "bucket": "todo-app-593653836732",
            "bucket_key_enabled": false,
            "cache_control": "",
            "content": null,
            "content_base64": null,
            "content_disposition": "",
            "content_encoding": "",
            "content_language": "",
            "content_type": "binary/octet-stream",
            "etag": "7b18cc1b0dd6f720e86843af118504f9",
            "force_destroy": false,
            "id": "_next/static/eVu_7ROicE_grFoWJUCL2/_buildManifest.js",
            "key": "_next/static/eVu_7ROicE_grFoWJUCL2/_buildManifest.js",
            "kms_key_id": null,
            "metadata": {},
            "object_lock_legal_hold_status": "",
            "object_lock_mode": "",
            "object_lock_retain_until_date": "",
            "server_side_encryption": "AES256",
            "source": "./out/_next/static/eVu_7ROicE_grFoWJUCL2/_buildManifest.js",
            "source_hash": null,
            "storage_class": "STANDARD",
            "tags": {},
            "tags_all": {},
            "version_id": "",
            "website_redirect": ""
          },
          "sensitive_attributes": [],
          "private": "bnVsbA==",
          "dependencies": [
            "aws_s3_bucket.spa",
            "data.aws_caller_identity.current"
          ]
        },
        {
          "index_key": "_next/static/eVu_7ROicE_grFoWJUCL2/_ssgManifest.js",
          "schema_version": 0,
          "attributes": {
            "acl": "private",
            "bucket": "todo-app-593653836732",
            "bucket_key_enabled": false,
            "cache_control": "",
            "content": null,
            "content_base64": null,
            "content_disposition": "",
            "content_encoding": "",
            "content_language": "",
            "content_type": "binary/octet-stream",
            "etag": "b6652df95db52feb4daf4eca35380933",
            "force_destroy": false,
            "id": "_next/static/eVu_7ROicE_grFoWJUCL2/_ssgManifest.js",
            "key": "_next/static/eVu_7ROicE_grFoWJUCL2/_ssgManifest.js",
            "kms_key_id": null,
            "metadata": {},
            "object_lock_legal_hold_status": "",
            "object_lock_mode": "",
            "object_lock_retain_until_date": "",
            "server_side_encryption": "AES256",
            "source": "./out/_next/static/eVu_7ROicE_grFoWJUCL2/_ssgManifest.js",
            "source_hash": null,
            "storage_class": "STANDARD",
            "tags": {},
            "tags_all": {},
            "version_id": "",
            "website_redirect": ""
          },
          "sensitive_attributes": [],
          "private": "bnVsbA==",
          "dependencies": [
            "aws_s3_bucket.spa",
            "data.aws_caller_identity.current"
          ]
        },
        {
          "index_key": "about/index.html",
          "schema_version": 0,
          "attributes": {
            "acl": "private",
            "bucket": "todo-app-593653836732",
            "bucket_key_enabled": false,
            "cache_control": "",
            "content": null,
            "content_base64": null,
            "content_disposition": "",
            "content_encoding": "",
            "content_language": "",
            "content_type": "binary/octet-stream",
            "etag": "9af2abe63bff7bbc7da296ef0b9811f4",
            "force_destroy": false,
            "id": "about/index.html",
            "key": "about/index.html",
            "kms_key_id": null,
            "metadata": {},
            "object_lock_legal_hold_status": "",
            "object_lock_mode": "",
            "object_lock_retain_until_date": "",
            "server_side_encryption": "AES256",
            "source": "./out/about/index.html",
            "source_hash": null,
            "storage_class": "STANDARD",
            "tags": {},
            "tags_all": {},
            "version_id": "",
            "website_redirect": ""
          },
          "sensitive_attributes": [],
          "private": "bnVsbA==",
          "dependencies": [
            "aws_s3_bucket.spa",
            "data.aws_caller_identity.current"
          ]
        },
        {
          "index_key": "favicon.ico",
          "schema_version": 0,
          "attributes": {
            "acl": "private",
            "bucket": "todo-app-593653836732",
            "bucket_key_enabled": false,
            "cache_control": "",
            "content": null,
            "content_base64": null,
            "content_disposition": "",
            "content_encoding": "",
            "content_language": "",
            "content_type": "binary/octet-stream",
            "etag": "c30c7d42707a47a3f4591831641e50dc",
            "force_destroy": false,
            "id": "favicon.ico",
            "key": "favicon.ico",
            "kms_key_id": null,
            "metadata": {},
            "object_lock_legal_hold_status": "",
            "object_lock_mode": "",
            "object_lock_retain_until_date": "",
            "server_side_encryption": "AES256",
            "source": "./out/favicon.ico",
            "source_hash": null,
            "storage_class": "STANDARD",
            "tags": {},
            "tags_all": {},
            "version_id": "",
            "website_redirect": ""
          },
          "sensitive_attributes": [],
          "private": "bnVsbA==",
          "dependencies": [
            "aws_s3_bucket.spa",
            "data.aws_caller_identity.current"
          ]
        },
        {
          "index_key": "index.html",
          "schema_version": 0,
          "attributes": {
            "acl": "private",
            "bucket": "todo-app-593653836732",
            "bucket_key_enabled": false,
            "cache_control": "",
            "content": null,
            "content_base64": null,
            "content_disposition": "",
            "content_encoding": "",
            "content_language": "",
            "content_type": "binary/octet-stream",
            "etag": "58c6f116f7497c980aa0af99d8c5f4b7",
            "force_destroy": false,
            "id": "index.html",
            "key": "index.html",
            "kms_key_id": null,
            "metadata": {},
            "object_lock_legal_hold_status": "",
            "object_lock_mode": "",
            "object_lock_retain_until_date": "",
            "server_side_encryption": "AES256",
            "source": "./out/index.html",
            "source_hash": null,
            "storage_class": "STANDARD",
            "tags": {},
            "tags_all": {},
            "version_id": "",
            "website_redirect": ""
          },
          "sensitive_attributes": [],
          "private": "bnVsbA==",
          "dependencies": [
            "aws_s3_bucket.spa",
            "data.aws_caller_identity.current"
          ]
        },
        {
          "index_key": "layout/index.html",
          "schema_version": 0,
          "attributes": {
            "acl": "private",
            "bucket": "todo-app-593653836732",
            "bucket_key_enabled": false,
            "cache_control": "",
            "content": null,
            "content_base64": null,
            "content_disposition": "",
            "content_encoding": "",
            "content_language": "",
            "content_type": "binary/octet-stream",
            "etag": "b227389bfe2325ac4a0ee6aeffc11edd",
            "force_destroy": false,
            "id": "layout/index.html",
            "key": "layout/index.html",
            "kms_key_id": null,
            "metadata": {},
            "object_lock_legal_hold_status": "",
            "object_lock_mode": "",
            "object_lock_retain_until_date": "",
            "server_side_encryption": "AES256",
            "source": "./out/layout/index.html",
            "source_hash": null,
            "storage_class": "STANDARD",
            "tags": {},
            "tags_all": {},
            "version_id": "",
            "website_redirect": ""
          },
          "sensitive_attributes": [],
          "private": "bnVsbA==",
          "dependencies": [
            "aws_s3_bucket.spa",
            "data.aws_caller_identity.current"
          ]
        },
        {
          "index_key": "next.svg",
          "schema_version": 0,
          "attributes": {
            "acl": "private",
            "bucket": "todo-app-593653836732",
            "bucket_key_enabled": false,
            "cache_control": "",
            "content": null,
            "content_base64": null,
            "content_disposition": "",
            "content_encoding": "",
            "content_language": "",
            "content_type": "binary/octet-stream",
            "etag": "8e061864f388b47f33a1c3780831193e",
            "force_destroy": false,
            "id": "next.svg",
            "key": "next.svg",
            "kms_key_id": null,
            "metadata": {},
            "object_lock_legal_hold_status": "",
            "object_lock_mode": "",
            "object_lock_retain_until_date": "",
            "server_side_encryption": "AES256",
            "source": "./out/next.svg",
            "source_hash": null,
            "storage_class": "STANDARD",
            "tags": {},
            "tags_all": {},
            "version_id": "",
            "website_redirect": ""
          },
          "sensitive_attributes": [],
          "private": "bnVsbA==",
          "dependencies": [
            "aws_s3_bucket.spa",
            "data.aws_caller_identity.current"
          ]
        },
        {
          "index_key": "todo/index.html",
          "schema_version": 0,
          "attributes": {
            "acl": "private",
            "bucket": "todo-app-593653836732",
            "bucket_key_enabled": false,
            "cache_control": "",
            "content": null,
            "content_base64": null,
            "content_disposition": "",
            "content_encoding": "",
            "content_language": "",
            "content_type": "binary/octet-stream",
            "etag": "7ff8bd518567a0980e4ed65783dcec4b",
            "force_destroy": false,
            "id": "todo/index.html",
            "key": "todo/index.html",
            "kms_key_id": null,
            "metadata": {},
            "object_lock_legal_hold_status": "",
            "object_lock_mode": "",
            "object_lock_retain_until_date": "",
            "server_side_encryption": "AES256",
            "source": "./out/todo/index.html",
            "source_hash": null,
            "storage_class": "STANDARD",
            "tags": {},
            "tags_all": {},
            "version_id": "",
            "website_redirect": ""
          },
          "sensitive_attributes": [],
          "private": "bnVsbA==",
          "dependencies": [
            "aws_s3_bucket.spa",
            "data.aws_caller_identity.current"
          ]
        },
        {
          "index_key": "vercel.svg",
          "schema_version": 0,
          "attributes": {
            "acl": "private",
            "bucket": "todo-app-593653836732",
            "bucket_key_enabled": false,
            "cache_control": "",
            "content": null,
            "content_base64": null,
            "content_disposition": "",
            "content_encoding": "",
            "content_language": "",
            "content_type": "binary/octet-stream",
            "etag": "61c6b19abff40ea7acd577be818f3976",
            "force_destroy": false,
            "id": "vercel.svg",
            "key": "vercel.svg",
            "kms_key_id": null,
            "metadata": {},
            "object_lock_legal_hold_status": "",
            "object_lock_mode": "",
            "object_lock_retain_until_date": "",
            "server_side_encryption": "AES256",
            "source": "./out/vercel.svg",
            "source_hash": null,
            "storage_class": "STANDARD",
            "tags": {},
            "tags_all": {},
            "version_id": "",
            "website_redirect": ""
          },
          "sensitive_attributes": [],
          "private": "bnVsbA==",
          "dependencies": [
            "aws_s3_bucket.spa",
            "data.aws_caller_identity.current"
          ]
        }
      ]
    }
  ],
  "check_results": null
}
